// !$*UTF8*$!
{
	archiveVersion = 1;
	classes = {
	};
	objectVersion = 48;
	objects = {

/* Begin PBXGroup section */
		24D4D78A1FCD9363006B47F0 = {
			isa = PBXGroup;
			children = (
			);
			sourceTree = "<group>";
		};
/* End PBXGroup section */

/* Begin PBXProject section */
		24D4D78B1FCD9363006B47F0 /* Project object */ = {
			isa = PBXProject;
			attributes = {
				LastUpgradeCheck = 0910;
			};
			buildConfigurationList = 24D4D78E1FCD9363006B47F0 /* Build configuration list for PBXProject "AccelerateTest" */;
			compatibilityVersion = "Xcode 8.0";
			developmentRegion = en;
			hasScannedForEncodings = 0;
			knownRegions = (
				en,
			);
			mainGroup = 24D4D78A1FCD9363006B47F0;
			projectDirPath = "";
			projectRoot = "";
			targets = (
			);
		};
/* End PBXProject section */

/* Begin XCBuildConfiguration section */
		24D4D78F1FCD9363006B47F0 /* Debug */ = {
			isa = XCBuildConfiguration;
			buildSettings = {
			};
			name = Debug;
		};
		24D4D7901FCD9363006B47F0 /* Release */ = {
			isa = XCBuildConfiguration;
			buildSettings = {
			};
			name = Release;
		};
/* End XCBuildConfiguration section */

/* Begin XCConfigurationList section */
		24D4D78E1FCD9363006B47F0 /* Build configuration list for PBXProject "AccelerateTest" */ = {
			isa = XCConfigurationList;
			buildConfigurations = (
				24D4D78F1FCD9363006B47F0 /* Debug */,
				24D4D7901FCD9363006B47F0 /* Release */,
			);
			defaultConfigurationIsVisible = 0;
			defaultConfigurationName = Release;
		};
/* End XCConfigurationList section */
	};
	rootObject = 24D4D78B1FCD9363006B47F0 /* Project object */;
}
